
Microsoft Visual Studio Solution File, Format Version 12.00
# Visual Studio Version 16
VisualStudioVersion = 16.0.29709.97
MinimumVisualStudioVersion = 10.0.40219.1
Project("{FAE04EC0-301F-11D3-BF4B-00C04F79EFBC}") = "DymeAntlr", "DymeAntlr\DymeAntlr.csproj", "{BCDFDD16-0B31-4A94-8C5D-843EC1593F9C}"
EndProject
Global
	GlobalSection(SolutionConfigurationPlatforms) = preSolution
		Debug|Any CPU = Debug|Any CPU
		Release|Any CPU = Release|Any CPU
	EndGlobalSection
	GlobalSection(ProjectConfigurationPlatforms) = postSolution
		{BCDFDD16-0B31-4A94-8C5D-843EC1593F9C}.Debug|Any CPU.ActiveCfg = Debug|Any CPU
		{BCDFDD16-0B31-4A94-8C5D-843EC1593F9C}.Debug|Any CPU.Build.0 = Debug|Any CPU
		{BCDFDD16-0B31-4A94-8C5D-843EC1593F9C}.Release|Any CPU.ActiveCfg = Release|Any CPU
		{BCDFDD16-0B31-4A94-8C5D-843EC1593F9C}.Release|Any CPU.Build.0 = Release|Any CPU
	EndGlobalSection
	GlobalSection(SolutionProperties) = preSolution
		HideSolutionNode = FALSE
	EndGlobalSection
	GlobalSection(ExtensibilityGlobals) = postSolution
		SolutionGuid = {AD14C399-9687-48C5-9156-0E21DB76BF27}
	EndGlobalSection
EndGlobal
